// !$*UTF8*$!
{
	archiveVersion = 1;
	classes = {
	};
	objectVersion = 54;
	objects = {

/* Begin PBXBuildFile section */
		504EC30F1FED79650016851F /* Assets.xcassets in Resources */ = {isa = PBXBuildFile; fileRef = 504EC30E1FED79650016851F /* Assets.xcassets */; };
		504EC3121FED79650016851F /* LaunchScreen.storyboard in Resources */ = {isa = PBXBuildFile; fileRef = 504EC3101FED79650016851F /* LaunchScreen.storyboard */; };
		6AA100011FED79650016851F /* FGPFTApp.swift in Sources */ = {isa = PBXBuildFile; fileRef = 6AA100021FED79650016851F /* FGPFTApp.swift */; };
		6AA100031FED79650016851F /* ContentView.swift in Sources */ = {isa = PBXBuildFile; fileRef = 6AA100041FED79650016851F /* ContentView.swift */; };
		6AA100051FED79650016851F /* HomeView.swift in Sources */ = {isa = PBXBuildFile; fileRef = 6AA100061FED79650016851F /* HomeView.swift */; };
		6AA100071FED79650016851F /* SettingsView.swift in Sources */ = {isa = PBXBuildFile; fileRef = 6AA100081FED79650016851F /* SettingsView.swift */; };
		6AA100091FED79650016851F /* CategoriesView.swift in Sources */ = {isa = PBXBuildFile; fileRef = 6AA1000A1FED79650016851F /* CategoriesView.swift */; };
		6AA1000B1FED79650016851F /* DeletedCategoriesView.swift in Sources */ = {isa = PBXBuildFile; fileRef = 6AA1000C1FED79650016851F /* DeletedCategoriesView.swift */; };
		6AA1000D1FED79650016851F /* AboutView.swift in Sources */ = {isa = PBXBuildFile; fileRef = 6AA1000E1FED79650016851F /* AboutView.swift */; };
		6AA1000F1FED79650016851F /* HowToPlayView.swift in Sources */ = {isa = PBXBuildFile; fileRef = 6AA100101FED79650016851F /* HowToPlayView.swift */; };
		6AA100111FED79650016851F /* PrivacyView.swift in Sources */ = {isa = PBXBuildFile; fileRef = 6AA100121FED79650016851F /* PrivacyView.swift */; };
		6AA100131FED79650016851F /* TermsView.swift in Sources */ = {isa = PBXBuildFile; fileRef = 6AA100141FED79650016851F /* TermsView.swift */; };
		6AA100151FED79650016851F /* GameView.swift in Sources */ = {isa = PBXBuildFile; fileRef = 6AA100161FED79650016851F /* GameView.swift */; };
		6AA100171FED79650016851F /* SummaryView.swift in Sources */ = {isa = PBXBuildFile; fileRef = 6AA100181FED79650016851F /* SummaryView.swift */; };
		6AA100191FED79650016851F /* WordList.swift in Sources */ = {isa = PBXBuildFile; fileRef = 6AA1001A1FED79650016851F /* WordList.swift */; };
		6AA1001B1FED79650016851F /* TeamScore.swift in Sources */ = {isa = PBXBuildFile; fileRef = 6AA1001C1FED79650016851F /* TeamScore.swift */; };
		6AA1001D1FED79650016851F /* GameStore.swift in Sources */ = {isa = PBXBuildFile; fileRef = 6AA1001E1FED79650016851F /* GameStore.swift */; };
		6AA1001F1FED79650016851F /* word-lists.json in Resources */ = {isa = PBXBuildFile; fileRef = 6AA100201FED79650016851F /* word-lists.json */; };
		6AA100251FED79650016851F /* AudioService.swift in Sources */ = {isa = PBXBuildFile; fileRef = 6AA100261FED79650016851F /* AudioService.swift */; };
		6AA100271FED79650016851F /* HapticService.swift in Sources */ = {isa = PBXBuildFile; fileRef = 6AA100281FED79650016851F /* HapticService.swift */; };
		6AA100291FED79650016851F /* MotionService.swift in Sources */ = {isa = PBXBuildFile; fileRef = 6AA1002A1FED79650016851F /* MotionService.swift */; };
		6AA1002B1FED79650016851F /* Audio in Resources */ = {isa = PBXBuildFile; fileRef = 6AA1002C1FED79650016851F /* Audio */; };
		6AA1002E1FED79650016851F /* AppDelegate.swift in Sources */ = {isa = PBXBuildFile; fileRef = 6AA1002F1FED79650016851F /* AppDelegate.swift */; };
		A09B8D3C2F623AE200D63BF4 /* TitanOne-Regular.ttf in Resources */ = {isa = PBXBuildFile; fileRef = A09B8D3B2F623AE200D63BF4 /* TitanOne-Regular.ttf */; };
		A09B8D3D2F623AE200D63BF4 /* Outfit-VariableFont_wght.ttf in Resources */ = {isa = PBXBuildFile; fileRef = A09B8D3A2F623AE200D63BF4 /* Outfit-VariableFont_wght.ttf */; };
		A09F5D942F63BD18001CDFCC /* ScoreboardView.swift in Sources */ = {isa = PBXBuildFile; fileRef = A09F5D932F63BD18001CDFCC /* ScoreboardView.swift */; };
		A09F5D952F63BD18001CDFCC /* RoundSummaryView.swift in Sources */ = {isa = PBXBuildFile; fileRef = A09F5D922F63BD18001CDFCC /* RoundSummaryView.swift */; };
		A09F5D9B2F650E1F001CDFCC /* AppTheme.swift in Sources */ = {isa = PBXBuildFile; fileRef = A09F5D982F650E1F001CDFCC /* AppTheme.swift */; };
		A09F5D9C2F650E1F001CDFCC /* OrientationManager.swift in Sources */ = {isa = PBXBuildFile; fileRef = A09F5D992F650E1F001CDFCC /* OrientationManager.swift */; };
		A09F5DA12F650E2B001CDFCC /* MulticoloredText.swift in Sources */ = {isa = PBXBuildFile; fileRef = A09F5D9F2F650E2B001CDFCC /* MulticoloredText.swift */; };
		A09F5DA22F650E2B001CDFCC /* HomeButtonOverlay.swift in Sources */ = {isa = PBXBuildFile; fileRef = A09F5D9E2F650E2B001CDFCC /* HomeButtonOverlay.swift */; };
		A09F5DA32F650E2B001CDFCC /* BackgroundView.swift in Sources */ = {isa = PBXBuildFile; fileRef = A09F5D9D2F650E2B001CDFCC /* BackgroundView.swift */; };
		A0A8E7A12F8F0A8A00C0D1AA /* LayoutAdaptation.swift in Sources */ = {isa = PBXBuildFile; fileRef = A0A8E7A02F8F0A8A00C0D1AA /* LayoutAdaptation.swift */; };
		B01C9D012F7240000D63BF4 /* Quick Start How To.jpeg in Resources */ = {isa = PBXBuildFile; fileRef = B01C9D002F7240000D63BF4 /* Quick Start How To.jpeg */; };
/* End PBXBuildFile section */

/* Begin PBXFileReference section */
		504EC3041FED79650016851F /* FGPFT.app */ = {isa = PBXFileReference; explicitFileType = wrapper.application; includeInIndex = 0; path = FGPFT.app; sourceTree = BUILT_PRODUCTS_DIR; };
		504EC30E1FED79650016851F /* Assets.xcassets */ = {isa = PBXFileReference; lastKnownFileType = folder.assetcatalog; path = Assets.xcassets; sourceTree = "<group>"; };
		504EC3111FED79650016851F /* Base */ = {isa = PBXFileReference; lastKnownFileType = file.storyboard; name = Base; path = Base.lproj/LaunchScreen.storyboard; sourceTree = "<group>"; };
		504EC3131FED79650016851F /* Info.plist */ = {isa = PBXFileReference; lastKnownFileType = text.plist.xml; path = Info.plist; sourceTree = "<group>"; };
		6AA100021FED79650016851F /* FGPFTApp.swift */ = {isa = PBXFileReference; lastKnownFileType = sourcecode.swift; path = FGPFTApp.swift; sourceTree = "<group>"; };
		6AA100041FED79650016851F /* ContentView.swift */ = {isa = PBXFileReference; lastKnownFileType = sourcecode.swift; path = ContentView.swift; sourceTree = "<group>"; };
		6AA100061FED79650016851F /* HomeView.swift */ = {isa = PBXFileReference; lastKnownFileType = sourcecode.swift; path = HomeView.swift; sourceTree = "<group>"; };
		6AA100081FED79650016851F /* SettingsView.swift */ = {isa = PBXFileReference; lastKnownFileType = sourcecode.swift; path = SettingsView.swift; sourceTree = "<group>"; };
		6AA1000A1FED79650016851F /* CategoriesView.swift */ = {isa = PBXFileReference; lastKnownFileType = sourcecode.swift; path = CategoriesView.swift; sourceTree = "<group>"; };
		6AA1000C1FED79650016851F /* DeletedCategoriesView.swift */ = {isa = PBXFileReference; lastKnownFileType = sourcecode.swift; path = DeletedCategoriesView.swift; sourceTree = "<group>"; };
		6AA1000E1FED79650016851F /* AboutView.swift */ = {isa = PBXFileReference; lastKnownFileType = sourcecode.swift; path = AboutView.swift; sourceTree = "<group>"; };
		6AA100101FED79650016851F /* HowToPlayView.swift */ = {isa = PBXFileReference; lastKnownFileType = sourcecode.swift; path = HowToPlayView.swift; sourceTree = "<group>"; };
		6AA100121FED79650016851F /* PrivacyView.swift */ = {isa = PBXFileReference; lastKnownFileType = sourcecode.swift; path = PrivacyView.swift; sourceTree = "<group>"; };
		6AA100141FED79650016851F /* TermsView.swift */ = {isa = PBXFileReference; lastKnownFileType = sourcecode.swift; path = TermsView.swift; sourceTree = "<group>"; };
		6AA100161FED79650016851F /* GameView.swift */ = {isa = PBXFileReference; lastKnownFileType = sourcecode.swift; path = GameView.swift; sourceTree = "<group>"; };
		6AA100181FED79650016851F /* SummaryView.swift */ = {isa = PBXFileReference; lastKnownFileType = sourcecode.swift; path = SummaryView.swift; sourceTree = "<group>"; };
		6AA1001A1FED79650016851F /* WordList.swift */ = {isa = PBXFileReference; lastKnownFileType = sourcecode.swift; path = WordList.swift; sourceTree = "<group>"; };
		6AA1001C1FED79650016851F /* TeamScore.swift */ = {isa = PBXFileReference; lastKnownFileType = sourcecode.swift; path = TeamScore.swift; sourceTree = "<group>"; };
		6AA1001E1FED79650016851F /* GameStore.swift */ = {isa = PBXFileReference; lastKnownFileType = sourcecode.swift; path = GameStore.swift; sourceTree = "<group>"; };
		6AA100201FED79650016851F /* word-lists.json */ = {isa = PBXFileReference; lastKnownFileType = text.json; path = "word-lists.json"; sourceTree = "<group>"; };
		6AA100261FED79650016851F /* AudioService.swift */ = {isa = PBXFileReference; lastKnownFileType = sourcecode.swift; path = AudioService.swift; sourceTree = "<group>"; };
		6AA100281FED79650016851F /* HapticService.swift */ = {isa = PBXFileReference; lastKnownFileType = sourcecode.swift; path = HapticService.swift; sourceTree = "<group>"; };
		6AA1002A1FED79650016851F /* MotionService.swift */ = {isa = PBXFileReference; lastKnownFileType = sourcecode.swift; path = MotionService.swift; sourceTree = "<group>"; };
		6AA1002C1FED79650016851F /* Audio */ = {isa = PBXFileReference; lastKnownFileType = folder; path = Audio; sourceTree = "<group>"; };
		6AA1002F1FED79650016851F /* AppDelegate.swift */ = {isa = PBXFileReference; lastKnownFileType = sourcecode.swift; path = AppDelegate.swift; sourceTree = "<group>"; };
		958DCC722DB07C7200EA8C5F /* debug.xcconfig */ = {isa = PBXFileReference; lastKnownFileType = text.xcconfig; name = debug.xcconfig; path = ../debug.xcconfig; sourceTree = SOURCE_ROOT; };
		A09B8D3A2F623AE200D63BF4 /* Outfit-VariableFont_wght.ttf */ = {isa = PBXFileReference; lastKnownFileType = file; path = "Outfit-VariableFont_wght.ttf"; sourceTree = "<group>"; };
		A09B8D3B2F623AE200D63BF4 /* TitanOne-Regular.ttf */ = {isa = PBXFileReference; lastKnownFileType = file; path = "TitanOne-Regular.ttf"; sourceTree = "<group>"; };
		A09F5D922F63BD18001CDFCC /* RoundSummaryView.swift */ = {isa = PBXFileReference; lastKnownFileType = sourcecode.swift; path = RoundSummaryView.swift; sourceTree = "<group>"; };
		A09F5D932F63BD18001CDFCC /* ScoreboardView.swift */ = {isa = PBXFileReference; lastKnownFileType = sourcecode.swift; path = ScoreboardView.swift; sourceTree = "<group>"; };
		A09F5D982F650E1F001CDFCC /* AppTheme.swift */ = {isa = PBXFileReference; lastKnownFileType = sourcecode.swift; path = AppTheme.swift; sourceTree = "<group>"; };
		A09F5D992F650E1F001CDFCC /* OrientationManager.swift */ = {isa = PBXFileReference; lastKnownFileType = sourcecode.swift; path = OrientationManager.swift; sourceTree = "<group>"; };
		A09F5D9D2F650E2B001CDFCC /* BackgroundView.swift */ = {isa = PBXFileReference; lastKnownFileType = sourcecode.swift; path = BackgroundView.swift; sourceTree = "<group>"; };
		A09F5D9E2F650E2B001CDFCC /* HomeButtonOverlay.swift */ = {isa = PBXFileReference; lastKnownFileType = sourcecode.swift; path = HomeButtonOverlay.swift; sourceTree = "<group>"; };
		A09F5D9F2F650E2B001CDFCC /* MulticoloredText.swift */ = {isa = PBXFileReference; lastKnownFileType = sourcecode.swift; path = MulticoloredText.swift; sourceTree = "<group>"; };
		A0A8E7A02F8F0A8A00C0D1AA /* LayoutAdaptation.swift */ = {isa = PBXFileReference; lastKnownFileType = sourcecode.swift; path = LayoutAdaptation.swift; sourceTree = "<group>"; };
		B01C9D002F7240000D63BF4 /* Quick Start How To.jpeg */ = {isa = PBXFileReference; lastKnownFileType = image.jpeg; path = "Quick Start How To.jpeg"; sourceTree = "<group>"; };
/* End PBXFileReference section */

/* Begin PBXFrameworksBuildPhase section */
		504EC3011FED79650016851F /* Frameworks */ = {
			isa = PBXFrameworksBuildPhase;
			buildActionMask = 2147483647;
			files = (
			);
			runOnlyForDeploymentPostprocessing = 0;
		};
/* End PBXFrameworksBuildPhase section */

/* Begin PBXGroup section */
		504EC2FB1FED79650016851F = {
			isa = PBXGroup;
			children = (
				958DCC722DB07C7200EA8C5F /* debug.xcconfig */,
				504EC3061FED79650016851F /* App */,
				504EC3051FED79650016851F /* Products */,
			);
			sourceTree = "<group>";
		};
		504EC3051FED79650016851F /* Products */ = {
			isa = PBXGroup;
			children = (
				504EC3041FED79650016851F /* FGPFT.app */,
			);
			name = Products;
			sourceTree = "<group>";
		};
		504EC3061FED79650016851F /* App */ = {
			isa = PBXGroup;
			children = (
				A09F5D9A2F650E1F001CDFCC /* Utilities */,
				6AA100021FED79650016851F /* FGPFTApp.swift */,
				6AA1002F1FED79650016851F /* AppDelegate.swift */,
				6AA100211FED79650016851F /* Views */,
				6AA100221FED79650016851F /* ViewModels */,
				6AA100231FED79650016851F /* Models */,
				6AA100241FED79650016851F /* Resources */,
				6AA1002D1FED79650016851F /* Services */,
				504EC30E1FED79650016851F /* Assets.xcassets */,
				504EC3101FED79650016851F /* LaunchScreen.storyboard */,
				504EC3131FED79650016851F /* Info.plist */,
			);
			path = App;
			sourceTree = "<group>";
		};
		6AA100211FED79650016851F /* Views */ = {
			isa = PBXGroup;
			children = (
				A09F5DA02F650E2B001CDFCC /* SharedComponents */,
				A09F5D922F63BD18001CDFCC /* RoundSummaryView.swift */,
				A09F5D932F63BD18001CDFCC /* ScoreboardView.swift */,
				6AA100041FED79650016851F /* ContentView.swift */,
				6AA100061FED79650016851F /* HomeView.swift */,
				6AA100081FED79650016851F /* SettingsView.swift */,
				6AA1000A1FED79650016851F /* CategoriesView.swift */,
				6AA1000C1FED79650016851F /* DeletedCategoriesView.swift */,
				6AA1000E1FED79650016851F /* AboutView.swift */,
				6AA100101FED79650016851F /* HowToPlayView.swift */,
				6AA100121FED79650016851F /* PrivacyView.swift */,
				6AA100141FED79650016851F /* TermsView.swift */,
				6AA100161FED79650016851F /* GameView.swift */,
				6AA100181FED79650016851F /* SummaryView.swift */,
			);
			path = Views;
			sourceTree = "<group>";
		};
		6AA100221FED79650016851F /* ViewModels */ = {
			isa = PBXGroup;
			children = (
				6AA1001E1FED79650016851F /* GameStore.swift */,
			);
			path = ViewModels;
			sourceTree = "<group>";
		};
		6AA100231FED79650016851F /* Models */ = {
			isa = PBXGroup;
			children = (
				6AA1001A1FED79650016851F /* WordList.swift */,
				6AA1001C1FED79650016851F /* TeamScore.swift */,
			);
			path = Models;
			sourceTree = "<group>";
		};
		6AA100241FED79650016851F /* Resources */ = {
			isa = PBXGroup;
			children = (
				A09B8D3A2F623AE200D63BF4 /* Outfit-VariableFont_wght.ttf */,
				A09B8D3B2F623AE200D63BF4 /* TitanOne-Regular.ttf */,
				6AA100201FED79650016851F /* word-lists.json */,
				B01C9D002F7240000D63BF4 /* Quick Start How To.jpeg */,
				6AA1002C1FED79650016851F /* Audio */,
			);
			path = Resources;
			sourceTree = "<group>";
		};
		6AA1002D1FED79650016851F /* Services */ = {
			isa = PBXGroup;
			children = (
				6AA100261FED79650016851F /* AudioService.swift */,
				6AA100281FED79650016851F /* HapticService.swift */,
				6AA1002A1FED79650016851F /* MotionService.swift */,
			);
			path = Services;
			sourceTree = "<group>";
		};
		A09F5D9A2F650E1F001CDFCC /* Utilities */ = {
			isa = PBXGroup;
			children = (
				A09F5D982F650E1F001CDFCC /* AppTheme.swift */,
				A0A8E7A02F8F0A8A00C0D1AA /* LayoutAdaptation.swift */,
				A09F5D992F650E1F001CDFCC /* OrientationManager.swift */,
			);
			path = Utilities;
			sourceTree = "<group>";
		};
		A09F5DA02F650E2B001CDFCC /* SharedComponents */ = {
			isa = PBXGroup;
			children = (
				A09F5D9D2F650E2B001CDFCC /* BackgroundView.swift */,
				A09F5D9E2F650E2B001CDFCC /* HomeButtonOverlay.swift */,
				A09F5D9F2F650E2B001CDFCC /* MulticoloredText.swift */,
			);
			path = SharedComponents;
			sourceTree = "<group>";
		};
/* End PBXGroup section */

/* Begin PBXNativeTarget section */
		504EC3031FED79650016851F /* FGPFT */ = {
			isa = PBXNativeTarget;
			buildConfigurationList = 504EC3161FED79650016851F /* Build configuration list for PBXNativeTarget "FGPFT" */;
			buildPhases = (
				504EC3001FED79650016851F /* Sources */,
				504EC3011FED79650016851F /* Frameworks */,
				504EC3021FED79650016851F /* Resources */,
			);
			buildRules = (
			);
			dependencies = (
			);
			name = FGPFT;
			productName = FGPFT;
			productReference = 504EC3041FED79650016851F /* FGPFT.app */;
			productType = "com.apple.product-type.application";
		};
/* End PBXNativeTarget section */

/* Begin PBXProject section */
		504EC2FC1FED79650016851F /* Project object */ = {
			isa = PBXProject;
			attributes = {
				BuildIndependentTargetsInParallel = YES;
				LastSwiftUpdateCheck = 0920;
				LastUpgradeCheck = 2630;
				TargetAttributes = {
					504EC3031FED79650016851F = {
						CreatedOnToolsVersion = 9.2;
						LastSwiftMigration = 1100;
					};
				};
			};
			buildConfigurationList = 504EC2FF1FED79650016851F /* Build configuration list for PBXProject "FGPFT" */;
			compatibilityVersion = "Xcode 8.0";
			developmentRegion = en;
			hasScannedForEncodings = 0;
			knownRegions = (
				en,
				Base,
			);
			mainGroup = 504EC2FB1FED79650016851F;
			productRefGroup = 504EC3051FED79650016851F /* Products */;
			projectDirPath = "";
			projectRoot = "";
			targets = (
				504EC3031FED79650016851F /* FGPFT */,
			);
		};
/* End PBXProject section */

/* Begin PBXResourcesBuildPhase section */
		504EC3021FED79650016851F /* Resources */ = {
			isa = PBXResourcesBuildPhase;
			buildActionMask = 2147483647;
			files = (
				504EC3121FED79650016851F /* LaunchScreen.storyboard in Resources */,
				504EC30F1FED79650016851F /* Assets.xcassets in Resources */,
				A09B8D3C2F623AE200D63BF4 /* TitanOne-Regular.ttf in Resources */,
				A09B8D3D2F623AE200D63BF4 /* Outfit-VariableFont_wght.ttf in Resources */,
				6AA1001F1FED79650016851F /* word-lists.json in Resources */,
				6AA1002B1FED79650016851F /* Audio in Resources */,
				B01C9D012F7240000D63BF4 /* Quick Start How To.jpeg in Resources */,
			);
			runOnlyForDeploymentPostprocessing = 0;
		};
/* End PBXResourcesBuildPhase section */

/* Begin PBXSourcesBuildPhase section */
		504EC3001FED79650016851F /* Sources */ = {
			isa = PBXSourcesBuildPhase;
			buildActionMask = 2147483647;
			files = (
				A09F5D942F63BD18001CDFCC /* ScoreboardView.swift in Sources */,
				A09F5D952F63BD18001CDFCC /* RoundSummaryView.swift in Sources */,
				A0A8E7A12F8F0A8A00C0D1AA /* LayoutAdaptation.swift in Sources */,
				6AA100011FED79650016851F /* FGPFTApp.swift in Sources */,
				6AA1002E1FED79650016851F /* AppDelegate.swift in Sources */,
				6AA100031FED79650016851F /* ContentView.swift in Sources */,
				A09F5DA12F650E2B001CDFCC /* MulticoloredText.swift in Sources */,
				A09F5DA22F650E2B001CDFCC /* HomeButtonOverlay.swift in Sources */,
				A09F5DA32F650E2B001CDFCC /* BackgroundView.swift in Sources */,
				6AA100051FED79650016851F /* HomeView.swift in Sources */,
				6AA100071FED79650016851F /* SettingsView.swift in Sources */,
				6AA100091FED79650016851F /* CategoriesView.swift in Sources */,
				6AA1000B1FED79650016851F /* DeletedCategoriesView.swift in Sources */,
				6AA1000D1FED79650016851F /* AboutView.swift in Sources */,
				6AA1000F1FED79650016851F /* HowToPlayView.swift in Sources */,
				6AA100111FED79650016851F /* PrivacyView.swift in Sources */,
				6AA100131FED79650016851F /* TermsView.swift in Sources */,
				6AA100151FED79650016851F /* GameView.swift in Sources */,
				A09F5D9B2F650E1F001CDFCC /* AppTheme.swift in Sources */,
				A09F5D9C2F650E1F001CDFCC /* OrientationManager.swift in Sources */,
				6AA100171FED79650016851F /* SummaryView.swift in Sources */,
				6AA100191FED79650016851F /* WordList.swift in Sources */,
				6AA1001B1FED79650016851F /* TeamScore.swift in Sources */,
				6AA1001D1FED79650016851F /* GameStore.swift in Sources */,
				6AA100251FED79650016851F /* AudioService.swift in Sources */,
				6AA100271FED79650016851F /* HapticService.swift in Sources */,
				6AA100291FED79650016851F /* MotionService.swift in Sources */,
			);
			runOnlyForDeploymentPostprocessing = 0;
		};
/* End PBXSourcesBuildPhase section */

/* Begin PBXVariantGroup section */
		504EC3101FED79650016851F /* LaunchScreen.storyboard */ = {
			isa = PBXVariantGroup;
			children = (
				504EC3111FED79650016851F /* Base */,
			);
			name = LaunchScreen.storyboard;
			sourceTree = "<group>";
		};
/* End PBXVariantGroup section */

/* Begin XCBuildConfiguration section */
		504EC3141FED79650016851F /* Debug */ = {
			isa = XCBuildConfiguration;
			baseConfigurationReference = 958DCC722DB07C7200EA8C5F /* debug.xcconfig */;
			buildSettings = {
				ALWAYS_SEARCH_USER_PATHS = NO;
				ASSETCATALOG_COMPILER_GENERATE_SWIFT_ASSET_SYMBOL_EXTENSIONS = NO;
				CLANG_ANALYZER_NONNULL = YES;
				CLANG_ANALYZER_NUMBER_OBJECT_CONVERSION = YES_AGGRESSIVE;
				CLANG_CXX_LANGUAGE_STANDARD = "gnu++14";
				CLANG_CXX_LIBRARY = "libc++";
				CLANG_ENABLE_MODULES = YES;
				CLANG_ENABLE_OBJC_ARC = YES;
				CLANG_WARN_BLOCK_CAPTURE_AUTORELEASING = YES;
				CLANG_WARN_BOOL_CONVERSION = YES;
				CLANG_WARN_COMMA = YES;
				CLANG_WARN_CONSTANT_CONVERSION = YES;
				CLANG_WARN_DEPRECATED_OBJC_IMPLEMENTATIONS = YES;
				CLANG_WARN_DIRECT_OBJC_ISA_USAGE = YES_ERROR;
				CLANG_WARN_DOCUMENTATION_COMMENTS = YES;
				CLANG_WARN_EMPTY_BODY = YES;
				CLANG_WARN_ENUM_CONVERSION = YES;
				CLANG_WARN_INFINITE_RECURSION = YES;
				CLANG_WARN_INT_CONVERSION = YES;
				CLANG_WARN_NON_LITERAL_NULL_CONVERSION = YES;
				CLANG_WARN_OBJC_IMPLICIT_RETAIN_SELF = YES;
				CLANG_WARN_OBJC_LITERAL_CONVERSION = YES;
				CLANG_WARN_OBJC_ROOT_CLASS = YES_ERROR;
				CLANG_WARN_QUOTED_INCLUDE_IN_FRAMEWORK_HEADER = YES;
				CLANG_WARN_RANGE_LOOP_ANALYSIS = YES;
				CLANG_WARN_STRICT_PROTOTYPES = YES;
				CLANG_WARN_SUSPICIOUS_MOVE = YES;
				CLANG_WARN_UNGUARDED_AVAILABILITY = YES_AGGRESSIVE;
				CLANG_WARN_UNREACHABLE_CODE = YES;
				CLANG_WARN__DUPLICATE_METHOD_MATCH = YES;
				CODE_SIGN_IDENTITY = "iPhone Developer";
				COPY_PHASE_STRIP = NO;
				DEBUG_INFORMATION_FORMAT = dwarf;
				DEVELOPMENT_TEAM = WH6A63J7ZG;
				ENABLE_STRICT_OBJC_MSGSEND = YES;
				ENABLE_TESTABILITY = YES;
				ENABLE_USER_SCRIPT_SANDBOXING = YES;
				GCC_C_LANGUAGE_STANDARD = gnu11;
				GCC_DYNAMIC_NO_PIC = NO;
				GCC_NO_COMMON_BLOCKS = YES;
				GCC_OPTIMIZATION_LEVEL = 0;
				GCC_PREPROCESSOR_DEFINITIONS = (
					"DEBUG=1",
					"$(inherited)",
				);
				GCC_WARN_64_TO_32_BIT_CONVERSION = YES;
				GCC_WARN_ABOUT_RETURN_TYPE = YES_ERROR;
				GCC_WARN_UNDECLARED_SELECTOR = YES;
				GCC_WARN_UNINITIALIZED_AUTOS = YES_AGGRESSIVE;
				GCC_WARN_UNUSED_FUNCTION = YES;
				GCC_WARN_UNUSED_VARIABLE = YES;
				IPHONEOS_DEPLOYMENT_TARGET = 16.0;
				MTL_ENABLE_DEBUG_INFO = YES;
				ONLY_ACTIVE_ARCH = YES;
				SDKROOT = iphoneos;
				STRING_CATALOG_GENERATE_SYMBOLS = YES;
				SWIFT_ACTIVE_COMPILATION_CONDITIONS = DEBUG;
				SWIFT_OPTIMIZATION_LEVEL = "-Onone";
			};
			name = Debug;
		};
		504EC3151FED79650016851F /* Release */ = {
			isa = XCBuildConfiguration;
			buildSettings = {
				ALWAYS_SEARCH_USER_PATHS = NO;
				ASSETCATALOG_COMPILER_GENERATE_SWIFT_ASSET_SYMBOL_EXTENSIONS = NO;
				CLANG_ANALYZER_NONNULL = YES;
				CLANG_ANALYZER_NUMBER_OBJECT_CONVERSION = YES_AGGRESSIVE;
				CLANG_CXX_LANGUAGE_STANDARD = "gnu++14";
				CLANG_CXX_LIBRARY = "libc++";
				CLANG_ENABLE_MODULES = YES;
				CLANG_ENABLE_OBJC_ARC = YES;
				CLANG_WARN_BLOCK_CAPTURE_AUTORELEASING = YES;
				CLANG_WARN_BOOL_CONVERSION = YES;
				CLANG_WARN_COMMA = YES;
				CLANG_WARN_CONSTANT_CONVERSION = YES;
				CLANG_WARN_DEPRECATED_OBJC_IMPLEMENTATIONS = YES;
				CLANG_WARN_DIRECT_OBJC_ISA_USAGE = YES_ERROR;
				CLANG_WARN_DOCUMENTATION_COMMENTS = YES;
				CLANG_WARN_EMPTY_BODY = YES;
				CLANG_WARN_ENUM_CONVERSION = YES;
				CLANG_WARN_INFINITE_RECURSION = YES;
				CLANG_WARN_INT_CONVERSION = YES;
				CLANG_WARN_NON_LITERAL_NULL_CONVERSION = YES;
				CLANG_WARN_OBJC_IMPLICIT_RETAIN_SELF = YES;
				CLANG_WARN_OBJC_LITERAL_CONVERSION = YES;
				CLANG_WARN_OBJC_ROOT_CLASS = YES_ERROR;
				CLANG_WARN_QUOTED_INCLUDE_IN_FRAMEWORK_HEADER = YES;
				CLANG_WARN_RANGE_LOOP_ANALYSIS = YES;
				CLANG_WARN_STRICT_PROTOTYPES = YES;
				CLANG_WARN_SUSPICIOUS_MOVE = YES;
				CLANG_WARN_UNGUARDED_AVAILABILITY = YES_AGGRESSIVE;
				CLANG_WARN_UNREACHABLE_CODE = YES;
				CLANG_WARN__DUPLICATE_METHOD_MATCH = YES;
				CODE_SIGN_IDENTITY = "iPhone Developer";
				COPY_PHASE_STRIP = NO;
				DEBUG_INFORMATION_FORMAT = "dwarf-with-dsym";
				DEVELOPMENT_TEAM = WH6A63J7ZG;
				ENABLE_NS_ASSERTIONS = NO;
				ENABLE_STRICT_OBJC_MSGSEND = YES;
				ENABLE_USER_SCRIPT_SANDBOXING = YES;
				GCC_C_LANGUAGE_STANDARD = gnu11;
				GCC_NO_COMMON_BLOCKS = YES;
				GCC_WARN_64_TO_32_BIT_CONVERSION = YES;
				GCC_WARN_ABOUT_RETURN_TYPE = YES_ERROR;
				GCC_WARN_UNDECLARED_SELECTOR = YES;
				GCC_WARN_UNINITIALIZED_AUTOS = YES_AGGRESSIVE;
				GCC_WARN_UNUSED_FUNCTION = YES;
				GCC_WARN_UNUSED_VARIABLE = YES;
				IPHONEOS_DEPLOYMENT_TARGET = 16.0;
				MTL_ENABLE_DEBUG_INFO = NO;
				SDKROOT = iphoneos;
				STRING_CATALOG_GENERATE_SYMBOLS = YES;
				SWIFT_COMPILATION_MODE = wholemodule;
				SWIFT_OPTIMIZATION_LEVEL = "-O";
				VALIDATE_PRODUCT = YES;
			};
			name = Release;
		};
		504EC3171FED79650016851F /* Debug */ = {
			isa = XCBuildConfiguration;
			baseConfigurationReference = 958DCC722DB07C7200EA8C5F /* debug.xcconfig */;
			buildSettings = {
				ASSETCATALOG_COMPILER_APPICON_NAME = AppIcon;
				CODE_SIGN_IDENTITY = "Apple Development";
				CODE_SIGN_STYLE = Automatic;
				CURRENT_PROJECT_VERSION = 1;
				INFOPLIST_FILE = App/Info.plist;
				INFOPLIST_KEY_CFBundleDisplayName = "Family Guess Party Fun Time";
				INFOPLIST_KEY_LSApplicationCategoryType = "public.app-category.family-games";
				IPHONEOS_DEPLOYMENT_TARGET = 16.0;
				LD_RUNPATH_SEARCH_PATHS = (
					"$(inherited)",
					"@executable_path/Frameworks",
				);
				MARKETING_VERSION = 1.0;
				OTHER_SWIFT_FLAGS = "$(inherited) \"-D\" \"COCOAPODS\" \"-DDEBUG\"";
				PRODUCT_BUNDLE_IDENTIFIER = com.kjasken.familyguessparty;
				PRODUCT_NAME = "$(TARGET_NAME)";
				PROVISIONING_PROFILE_SPECIFIER = "";
				SUPPORTED_PLATFORMS = "iphoneos iphonesimulator";
				SUPPORTS_MACCATALYST = NO;
				SUPPORTS_MAC_DESIGNED_FOR_IPHONE_IPAD = NO;
				SUPPORTS_XR_DESIGNED_FOR_IPHONE_IPAD = NO;
				SWIFT_ACTIVE_COMPILATION_CONDITIONS = DEBUG;
				SWIFT_VERSION = 5.0;
				TARGETED_DEVICE_FAMILY = "1,2";
			};
			name = Debug;
		};
		504EC3181FED79650016851F /* Release */ = {
			isa = XCBuildConfiguration;
			buildSettings = {
				ASSETCATALOG_COMPILER_APPICON_NAME = AppIcon;
				CODE_SIGN_IDENTITY = "Apple Development";
				CODE_SIGN_STYLE = Automatic;
				CURRENT_PROJECT_VERSION = 1;
				INFOPLIST_FILE = App/Info.plist;
				INFOPLIST_KEY_CFBundleDisplayName = "Family Guess Party Fun Time";
				INFOPLIST_KEY_LSApplicationCategoryType = "public.app-category.family-games";
				IPHONEOS_DEPLOYMENT_TARGET = 16.0;
				LD_RUNPATH_SEARCH_PATHS = (
					"$(inherited)",
					"@executable_path/Frameworks",
				);
				MARKETING_VERSION = 1.0;
				PRODUCT_BUNDLE_IDENTIFIER = com.kjasken.familyguessparty;
				PRODUCT_NAME = "$(TARGET_NAME)";
				PROVISIONING_PROFILE_SPECIFIER = "";
				SUPPORTED_PLATFORMS = "iphoneos iphonesimulator";
				SUPPORTS_MACCATALYST = NO;
				SUPPORTS_MAC_DESIGNED_FOR_IPHONE_IPAD = NO;
				SUPPORTS_XR_DESIGNED_FOR_IPHONE_IPAD = NO;
				SWIFT_ACTIVE_COMPILATION_CONDITIONS = "";
				SWIFT_VERSION = 5.0;
				TARGETED_DEVICE_FAMILY = "1,2";
			};
			name = Release;
		};
/* End XCBuildConfiguration section */

/* Begin XCConfigurationList section */
		504EC2FF1FED79650016851F /* Build configuration list for PBXProject "FGPFT" */ = {
			isa = XCConfigurationList;
			buildConfigurations = (
				504EC3141FED79650016851F /* Debug */,
				504EC3151FED79650016851F /* Release */,
			);
			defaultConfigurationIsVisible = 0;
			defaultConfigurationName = Release;
		};
		504EC3161FED79650016851F /* Build configuration list for PBXNativeTarget "FGPFT" */ = {
			isa = XCConfigurationList;
			buildConfigurations = (
				504EC3171FED79650016851F /* Debug */,
				504EC3181FED79650016851F /* Release */,
			);
			defaultConfigurationIsVisible = 0;
			defaultConfigurationName = Release;
		};
/* End XCConfigurationList section */
	};
	rootObject = 504EC2FC1FED79650016851F /* Project object */;
}
